
Microsoft Visual Studio Solution File, Format Version 12.00
# Visual Studio Version 16
VisualStudioVersion = 16.0.30523.141
MinimumVisualStudioVersion = 10.0.40219.1
Project("{FAE04EC0-301F-11D3-BF4B-00C04F79EFBC}") = "ConsoleApp1", "ConsoleApp1.csproj", "{4C8ACFDB-0DDF-4214-BAFC-6E348E99938D}"
EndProject
Global
	GlobalSection(SolutionConfigurationPlatforms) = preSolution
		Debug|Any CPU = Debug|Any CPU
		Release|Any CPU = Release|Any CPU
	EndGlobalSection
	GlobalSection(ProjectConfigurationPlatforms) = postSolution
		{4C8ACFDB-0DDF-4214-BAFC-6E348E99938D}.Debug|Any CPU.ActiveCfg = Debug|Any CPU
		{4C8ACFDB-0DDF-4214-BAFC-6E348E99938D}.Debug|Any CPU.Build.0 = Debug|Any CPU
		{4C8ACFDB-0DDF-4214-BAFC-6E348E99938D}.Release|Any CPU.ActiveCfg = Release|Any CPU
		{4C8ACFDB-0DDF-4214-BAFC-6E348E99938D}.Release|Any CPU.Build.0 = Release|Any CPU
	EndGlobalSection
	GlobalSection(SolutionProperties) = preSolution
		HideSolutionNode = FALSE
	EndGlobalSection
	GlobalSection(ExtensibilityGlobals) = postSolution
		SolutionGuid = {46752CD9-1C4F-4772-B5FC-38A7FF36B345}
	EndGlobalSection
EndGlobal
